
Microsoft Visual Studio Solution File, Format Version 12.00
# Visual Studio 15
VisualStudioVersion = 15.0.27703.2047
MinimumVisualStudioVersion = 10.0.40219.1
Project("{FAE04EC0-301F-11D3-BF4B-00C04F79EFBC}") = "WcfServiceLibraryChat", "WcfServiceLibraryChat\WcfServiceLibraryChat.csproj", "{D1AB07C7-A4DC-4AAA-86F4-D48E89C78070}"
EndProject
Project("{FAE04EC0-301F-11D3-BF4B-00C04F79EFBC}") = "WindowsFormsChat", "WindowsFormsChat\WindowsFormsChat.csproj", "{FF6A9A81-68CB-4979-8192-37BCE21DD620}"
	ProjectSection(ProjectDependencies) = postProject
		{D1AB07C7-A4DC-4AAA-86F4-D48E89C78070} = {D1AB07C7-A4DC-4AAA-86F4-D48E89C78070}
	EndProjectSection
EndProject
Global
	GlobalSection(SolutionConfigurationPlatforms) = preSolution
		Debug|Any CPU = Debug|Any CPU
		Release|Any CPU = Release|Any CPU
	EndGlobalSection
	GlobalSection(ProjectConfigurationPlatforms) = postSolution
		{D1AB07C7-A4DC-4AAA-86F4-D48E89C78070}.Debug|Any CPU.ActiveCfg = Debug|Any CPU
		{D1AB07C7-A4DC-4AAA-86F4-D48E89C78070}.Debug|Any CPU.Build.0 = Debug|Any CPU
		{D1AB07C7-A4DC-4AAA-86F4-D48E89C78070}.Release|Any CPU.ActiveCfg = Release|Any CPU
		{D1AB07C7-A4DC-4AAA-86F4-D48E89C78070}.Release|Any CPU.Build.0 = Release|Any CPU
		{FF6A9A81-68CB-4979-8192-37BCE21DD620}.Debug|Any CPU.ActiveCfg = Debug|Any CPU
		{FF6A9A81-68CB-4979-8192-37BCE21DD620}.Debug|Any CPU.Build.0 = Debug|Any CPU
		{FF6A9A81-68CB-4979-8192-37BCE21DD620}.Release|Any CPU.ActiveCfg = Release|Any CPU
		{FF6A9A81-68CB-4979-8192-37BCE21DD620}.Release|Any CPU.Build.0 = Release|Any CPU
	EndGlobalSection
	GlobalSection(SolutionProperties) = preSolution
		HideSolutionNode = FALSE
	EndGlobalSection
	GlobalSection(ExtensibilityGlobals) = postSolution
		SolutionGuid = {80F4A05B-04A9-427F-BE8E-55AE2A8FB30C}
	EndGlobalSection
EndGlobal
